
Microsoft Visual Studio Solution File, Format Version 12.00
# Visual Studio Version 17
VisualStudioVersion = 17.5.33530.505
MinimumVisualStudioVersion = 10.0.40219.1
Project("{FAE04EC0-301F-11D3-BF4B-00C04F79EFBC}") = "Regform", "example1\Regform.csproj", "{3EB905EF-4A3E-49A0-AD72-AA776664FEEB}"
EndProject
Global
	GlobalSection(SolutionConfigurationPlatforms) = preSolution
		Debug|Any CPU = Debug|Any CPU
		Release|Any CPU = Release|Any CPU
	EndGlobalSection
	GlobalSection(ProjectConfigurationPlatforms) = postSolution
		{3EB905EF-4A3E-49A0-AD72-AA776664FEEB}.Debug|Any CPU.ActiveCfg = Debug|Any CPU
		{3EB905EF-4A3E-49A0-AD72-AA776664FEEB}.Debug|Any CPU.Build.0 = Debug|Any CPU
		{3EB905EF-4A3E-49A0-AD72-AA776664FEEB}.Release|Any CPU.ActiveCfg = Release|Any CPU
		{3EB905EF-4A3E-49A0-AD72-AA776664FEEB}.Release|Any CPU.Build.0 = Release|Any CPU
	EndGlobalSection
	GlobalSection(SolutionProperties) = preSolution
		HideSolutionNode = FALSE
	EndGlobalSection
	GlobalSection(ExtensibilityGlobals) = postSolution
		SolutionGuid = {B6C047D7-FCC6-42D0-8164-48255D77A9E6}
	EndGlobalSection
EndGlobal
